<?xml version="1.0" encoding="utf-8"?>
<Project ToolsVersion="15.0" xmlns="http://schemas.microsoft.com/developer/msbuild/2003">
  <ItemGroup>
    <Filter Include="Themes">
      <UniqueIdentifier>{2c64b326-1d0c-4e70-b2fc-f748f7aff742}</UniqueIdentifier>
    </Filter>
    <Filter Include="Controls">
      <UniqueIdentifier>{526f3a9e-b5b2-44ac-b312-3d3d2657dbe2}</UniqueIdentifier>
    </Filter>
    <Filter Include="Controls\SettingsCard">
      <UniqueIdentifier>{fe0cd99e-c47a-4d92-9ad6-cab5b6782af6}</UniqueIdentifier>
    </Filter>
    <Filter Include="Controls\SettingsExpander">
      <UniqueIdentifier>{c528643f-341d-4f78-a241-2a19d4a83cb7}</UniqueIdentifier>
    </Filter>
    <Filter Include="Windowing">
      <UniqueIdentifier>{eb77ec9b-fded-4375-b258-8d58347a5df0}</UniqueIdentifier>
    </Filter>
    <Filter Include="Windowing\WindowEx">
      <UniqueIdentifier>{7a645a2d-d3b5-4e1f-8f83-f76d90638382}</UniqueIdentifier>
    </Filter>
    <Filter Include="Extensions">
      <UniqueIdentifier>{1185ea13-34ca-4623-b0bb-bb675cc0894f}</UniqueIdentifier>
    </Filter>
    <Filter Include="Extensions\FontIconExtension">
      <UniqueIdentifier>{ba427dc3-3bb6-4717-b187-780f3439989e}</UniqueIdentifier>
    </Filter>
  </ItemGroup>
  <ItemGroup>
    <ClCompile Include="pch.cpp" />
    <ClCompile Include="$(GeneratedFilesDir)module.g.cpp" />
    <ClCompile Include="Controls\SettingsCard\SettingsCard.cpp">
      <Filter>Controls\SettingsCard</Filter>
    </ClCompile>
    <ClCompile Include="Controls\SettingsCard\SettingsCard.Properties.cpp">
      <Filter>Controls\SettingsCard</Filter>
    </ClCompile>
    <ClCompile Include="Windowing\WindowEx\WindowEx.cpp">
      <Filter>Windowing\WindowEx</Filter>
    </ClCompile>
    <ClCompile Include="Windowing\WindowEx\WindowEx.Messages.cpp">
      <Filter>Windowing\WindowEx</Filter>
    </ClCompile>
    <ClCompile Include="Windowing\WindowEx\WindowEx.Properties.cpp">
      <Filter>Windowing\WindowEx</Filter>
    </ClCompile>
    <ClCompile Include="Extensions\FontIconExtension.cpp">
      <Filter>Extensions\FontIconExtension</Filter>
    </ClCompile>
  </ItemGroup>
  <ItemGroup>
    <ClInclude Include="pch.h" />
    <ClInclude Include="Controls\SettingsCard\SettingsCard.h">
      <Filter>Controls\SettingsCard</Filter>
    </ClInclude>
    <ClInclude Include="Windowing\WindowEx\WindowEx.h">
      <Filter>Windowing\WindowEx</Filter>
    </ClInclude>
    <ClInclude Include="Extensions\FontIconExtension.h">
      <Filter>Extensions\FontIconExtension</Filter>
    </ClInclude>
  </ItemGroup>
  <ItemGroup>
    <None Include="Triton.UI.Toolkit.def" />
    <None Include="packages.config" />
    <None Include="README.md" />
  </ItemGroup>
  <ItemGroup>
    <Natvis Include="$(MSBuildThisFileDirectory)..\..\natvis\wil.natvis" />
  </ItemGroup>
  <ItemGroup>
    <Page Include="Themes\Generic.xaml">
      <Filter>Themes</Filter>
    </Page>
    <Page Include="Controls\SettingsCard\SettingsCard.Style.xaml">
      <Filter>Controls\SettingsCard</Filter>
    </Page>
  </ItemGroup>
  <ItemGroup>
    <Midl Include="Controls\SettingsCard\SettingsCard.idl">
      <Filter>Controls\SettingsCard</Filter>
    </Midl>
    <Midl Include="Windowing\WindowEx\WindowEx.idl">
      <Filter>Windowing\WindowEx</Filter>
    </Midl>
    <Midl Include="Extensions\FontIconExtension.idl">
      <Filter>Extensions\FontIconExtension</Filter>
    </Midl>
  </ItemGroup>
  <ItemGroup>
    <Text Include="LICENSE.txt" />
  </ItemGroup>
</Project>